
Microsoft Visual Studio Solution File, Format Version 12.00
# Visual Studio 14
VisualStudioVersion = 14.0.24720.0
MinimumVisualStudioVersion = 10.0.40219.1
Project("{54435603-DBB4-11D2-8724-00A0C9A8B90C}") = "LegoSetup", "LegoSetup\LegoSetup.vdproj", "{E4BE9864-687E-49FD-8EBC-F933D4A05794}"
EndProject
Global
	GlobalSection(SolutionConfigurationPlatforms) = preSolution
		Debug|Default = Debug|Default
		Release|Default = Release|Default
	EndGlobalSection
	GlobalSection(ProjectConfigurationPlatforms) = postSolution
		{E4BE9864-687E-49FD-8EBC-F933D4A05794}.Debug|Default.ActiveCfg = Debug
		{E4BE9864-687E-49FD-8EBC-F933D4A05794}.Debug|Default.Build.0 = Debug
		{E4BE9864-687E-49FD-8EBC-F933D4A05794}.Release|Default.ActiveCfg = Release
		{E4BE9864-687E-49FD-8EBC-F933D4A05794}.Release|Default.Build.0 = Release
	EndGlobalSection
	GlobalSection(SolutionProperties) = preSolution
		HideSolutionNode = FALSE
	EndGlobalSection
EndGlobal
